// !$*UTF8*$!
{
	archiveVersion = 1;
	classes = {
	};
	objectVersion = 77;
	objects = {

/* Begin PBXContainerItemProxy section */
		9503FD6E2E4644BA007D7BF7 /* PBXContainerItemProxy */ = {
			isa = PBXContainerItemProxy;
			containerPortal = 9503FD552E4644B8007D7BF7 /* Project object */;
			proxyType = 1;
			remoteGlobalIDString = 9503FD5C2E4644B8007D7BF7;
			remoteInfo = "worship-sampler";
		};
		9503FD782E4644BA007D7BF7 /* PBXContainerItemProxy */ = {
			isa = PBXContainerItemProxy;
			containerPortal = 9503FD552E4644B8007D7BF7 /* Project object */;
			proxyType = 1;
			remoteGlobalIDString = 9503FD5C2E4644B8007D7BF7;
			remoteInfo = "worship-sampler";
		};
/* End PBXContainerItemProxy section */

/* Begin PBXFileReference section */
		9503FD5D2E4644B8007D7BF7 /* worship-sampler.app */ = {isa = PBXFileReference; explicitFileType = wrapper.application; includeInIndex = 0; path = "worship-sampler.app"; sourceTree = BUILT_PRODUCTS_DIR; };
		9503FD6D2E4644BA007D7BF7 /* worship-samplerTests.xctest */ = {isa = PBXFileReference; explicitFileType = wrapper.cfbundle; includeInIndex = 0; path = "worship-samplerTests.xctest"; sourceTree = BUILT_PRODUCTS_DIR; };
		9503FD772E4644BA007D7BF7 /* worship-samplerUITests.xctest */ = {isa = PBXFileReference; explicitFileType = wrapper.cfbundle; includeInIndex = 0; path = "worship-samplerUITests.xctest"; sourceTree = BUILT_PRODUCTS_DIR; };
/* End PBXFileReference section */

/* Begin PBXFileSystemSynchronizedRootGroup section */
		9503FD5F2E4644B8007D7BF7 /* worship-sampler */ = {
			isa = PBXFileSystemSynchronizedRootGroup;
			path = "worship-sampler";
			sourceTree = "<group>";
		};
		9503FD702E4644BA007D7BF7 /* worship-samplerTests */ = {
			isa = PBXFileSystemSynchronizedRootGroup;
			path = "worship-samplerTests";
			sourceTree = "<group>";
		};
		9503FD7A2E4644BA007D7BF7 /* worship-samplerUITests */ = {
			isa = PBXFileSystemSynchronizedRootGroup;
			path = "worship-samplerUITests";
			sourceTree = "<group>";
		};
/* End PBXFileSystemSynchronizedRootGroup section */

/* Begin PBXFrameworksBuildPhase section */
		9503FD5A2E4644B8007D7BF7 /* Frameworks */ = {
			isa = PBXFrameworksBuildPhase;
			buildActionMask = 2147483647;
			files = (
			);
			runOnlyForDeploymentPostprocessing = 0;
		};
		9503FD6A2E4644BA007D7BF7 /* Frameworks */ = {
			isa = PBXFrameworksBuildPhase;
			buildActionMask = 2147483647;
			files = (
			);
			runOnlyForDeploymentPostprocessing = 0;
		};
		9503FD742E4644BA007D7BF7 /* Frameworks */ = {
			isa = PBXFrameworksBuildPhase;
			buildActionMask = 2147483647;
			files = (
			);
			runOnlyForDeploymentPostprocessing = 0;
		};
/* End PBXFrameworksBuildPhase section */

/* Begin PBXGroup section */
		9503FD542E4644B8007D7BF7 = {
			isa = PBXGroup;
			children = (
				9503FD5F2E4644B8007D7BF7 /* worship-sampler */,
				9503FD702E4644BA007D7BF7 /* worship-samplerTests */,
				9503FD7A2E4644BA007D7BF7 /* worship-samplerUITests */,
				9503FD5E2E4644B8007D7BF7 /* Products */,
			);
			sourceTree = "<group>";
		};
		9503FD5E2E4644B8007D7BF7 /* Products */ = {
			isa = PBXGroup;
			children = (
				9503FD5D2E4644B8007D7BF7 /* worship-sampler.app */,
				9503FD6D2E4644BA007D7BF7 /* worship-samplerTests.xctest */,
				9503FD772E4644BA007D7BF7 /* worship-samplerUITests.xctest */,
			);
			name = Products;
			sourceTree = "<group>";
		};
/* End PBXGroup section */

/* Begin PBXNativeTarget section */
		9503FD5C2E4644B8007D7BF7 /* worship-sampler */ = {
			isa = PBXNativeTarget;
			buildConfigurationList = 9503FD812E4644BA007D7BF7 /* Build configuration list for PBXNativeTarget "worship-sampler" */;
			buildPhases = (
				9503FD592E4644B8007D7BF7 /* Sources */,
				9503FD5A2E4644B8007D7BF7 /* Frameworks */,
				9503FD5B2E4644B8007D7BF7 /* Resources */,
			);
			buildRules = (
			);
			dependencies = (
			);
			fileSystemSynchronizedGroups = (
				9503FD5F2E4644B8007D7BF7 /* worship-sampler */,
			);
			name = "worship-sampler";
			packageProductDependencies = (
			);
			productName = "worship-sampler";
			productReference = 9503FD5D2E4644B8007D7BF7 /* worship-sampler.app */;
			productType = "com.apple.product-type.application";
		};
		9503FD6C2E4644BA007D7BF7 /* worship-samplerTests */ = {
			isa = PBXNativeTarget;
			buildConfigurationList = 9503FD842E4644BA007D7BF7 /* Build configuration list for PBXNativeTarget "worship-samplerTests" */;
			buildPhases = (
				9503FD692E4644BA007D7BF7 /* Sources */,
				9503FD6A2E4644BA007D7BF7 /* Frameworks */,
				9503FD6B2E4644BA007D7BF7 /* Resources */,
			);
			buildRules = (
			);
			dependencies = (
				9503FD6F2E4644BA007D7BF7 /* PBXTargetDependency */,
			);
			fileSystemSynchronizedGroups = (
				9503FD702E4644BA007D7BF7 /* worship-samplerTests */,
			);
			name = "worship-samplerTests";
			packageProductDependencies = (
			);
			productName = "worship-samplerTests";
			productReference = 9503FD6D2E4644BA007D7BF7 /* worship-samplerTests.xctest */;
			productType = "com.apple.product-type.bundle.unit-test";
		};
		9503FD762E4644BA007D7BF7 /* worship-samplerUITests */ = {
			isa = PBXNativeTarget;
			buildConfigurationList = 9503FD872E4644BA007D7BF7 /* Build configuration list for PBXNativeTarget "worship-samplerUITests" */;
			buildPhases = (
				9503FD732E4644BA007D7BF7 /* Sources */,
				9503FD742E4644BA007D7BF7 /* Frameworks */,
				9503FD752E4644BA007D7BF7 /* Resources */,
			);
			buildRules = (
			);
			dependencies = (
				9503FD792E4644BA007D7BF7 /* PBXTargetDependency */,
			);
			fileSystemSynchronizedGroups = (
				9503FD7A2E4644BA007D7BF7 /* worship-samplerUITests */,
			);
			name = "worship-samplerUITests";
			packageProductDependencies = (
			);
			productName = "worship-samplerUITests";
			productReference = 9503FD772E4644BA007D7BF7 /* worship-samplerUITests.xctest */;
			productType = "com.apple.product-type.bundle.ui-testing";
		};
/* End PBXNativeTarget section */

/* Begin PBXProject section */
		9503FD552E4644B8007D7BF7 /* Project object */ = {
			isa = PBXProject;
			attributes = {
				BuildIndependentTargetsInParallel = 1;
				LastSwiftUpdateCheck = 1620;
				LastUpgradeCheck = 1620;
				TargetAttributes = {
					9503FD5C2E4644B8007D7BF7 = {
						CreatedOnToolsVersion = 16.2;
					};
					9503FD6C2E4644BA007D7BF7 = {
						CreatedOnToolsVersion = 16.2;
						TestTargetID = 9503FD5C2E4644B8007D7BF7;
					};
					9503FD762E4644BA007D7BF7 = {
						CreatedOnToolsVersion = 16.2;
						TestTargetID = 9503FD5C2E4644B8007D7BF7;
					};
				};
			};
			buildConfigurationList = 9503FD582E4644B8007D7BF7 /* Build configuration list for PBXProject "worship-sampler" */;
			developmentRegion = en;
			hasScannedForEncodings = 0;
			knownRegions = (
				en,
				Base,
			);
			mainGroup = 9503FD542E4644B8007D7BF7;
			minimizedProjectReferenceProxies = 1;
			preferredProjectObjectVersion = 77;
			productRefGroup = 9503FD5E2E4644B8007D7BF7 /* Products */;
			projectDirPath = "";
			projectRoot = "";
			targets = (
				9503FD5C2E4644B8007D7BF7 /* worship-sampler */,
				9503FD6C2E4644BA007D7BF7 /* worship-samplerTests */,
				9503FD762E4644BA007D7BF7 /* worship-samplerUITests */,
			);
		};
/* End PBXProject section */

/* Begin PBXResourcesBuildPhase section */
		9503FD5B2E4644B8007D7BF7 /* Resources */ = {
			isa = PBXResourcesBuildPhase;
			buildActionMask = 2147483647;
			files = (
			);
			runOnlyForDeploymentPostprocessing = 0;
		};
		9503FD6B2E4644BA007D7BF7 /* Resources */ = {
			isa = PBXResourcesBuildPhase;
			buildActionMask = 2147483647;
			files = (
			);
			runOnlyForDeploymentPostprocessing = 0;
		};
		9503FD752E4644BA007D7BF7 /* Resources */ = {
			isa = PBXResourcesBuildPhase;
			buildActionMask = 2147483647;
			files = (
			);
			runOnlyForDeploymentPostprocessing = 0;
		};
/* End PBXResourcesBuildPhase section */

/* Begin PBXSourcesBuildPhase section */
		9503FD592E4644B8007D7BF7 /* Sources */ = {
			isa = PBXSourcesBuildPhase;
			buildActionMask = 2147483647;
			files = (
			);
			runOnlyForDeploymentPostprocessing = 0;
		};
		9503FD692E4644BA007D7BF7 /* Sources */ = {
			isa = PBXSourcesBuildPhase;
			buildActionMask = 2147483647;
			files = (
			);
			runOnlyForDeploymentPostprocessing = 0;
		};
		9503FD732E4644BA007D7BF7 /* Sources */ = {
			isa = PBXSourcesBuildPhase;
			buildActionMask = 2147483647;
			files = (
			);
			runOnlyForDeploymentPostprocessing = 0;
		};
/* End PBXSourcesBuildPhase section */

/* Begin PBXTargetDependency section */
		9503FD6F2E4644BA007D7BF7 /* PBXTargetDependency */ = {
			isa = PBXTargetDependency;
			target = 9503FD5C2E4644B8007D7BF7 /* worship-sampler */;
			targetProxy = 9503FD6E2E4644BA007D7BF7 /* PBXContainerItemProxy */;
		};
		9503FD792E4644BA007D7BF7 /* PBXTargetDependency */ = {
			isa = PBXTargetDependency;
			target = 9503FD5C2E4644B8007D7BF7 /* worship-sampler */;
			targetProxy = 9503FD782E4644BA007D7BF7 /* PBXContainerItemProxy */;
		};
/* End PBXTargetDependency section */

/* Begin XCBuildConfiguration section */
		9503FD7F2E4644BA007D7BF7 /* Debug */ = {
			isa = XCBuildConfiguration;
			buildSettings = {
				ALWAYS_SEARCH_USER_PATHS = NO;
				ASSETCATALOG_COMPILER_GENERATE_SWIFT_ASSET_SYMBOL_EXTENSIONS = YES;
				CLANG_ANALYZER_NONNULL = YES;
				CLANG_ANALYZER_NUMBER_OBJECT_CONVERSION = YES_AGGRESSIVE;
				CLANG_CXX_LANGUAGE_STANDARD = "gnu++20";
				CLANG_ENABLE_MODULES = YES;
				CLANG_ENABLE_OBJC_ARC = YES;
				CLANG_ENABLE_OBJC_WEAK = YES;
				CLANG_WARN_BLOCK_CAPTURE_AUTORELEASING = YES;
				CLANG_WARN_BOOL_CONVERSION = YES;
				CLANG_WARN_COMMA = YES;
				CLANG_WARN_CONSTANT_CONVERSION = YES;
				CLANG_WARN_DEPRECATED_OBJC_IMPLEMENTATIONS = YES;
				CLANG_WARN_DIRECT_OBJC_ISA_USAGE = YES_ERROR;
				CLANG_WARN_DOCUMENTATION_COMMENTS = YES;
				CLANG_WARN_EMPTY_BODY = YES;
				CLANG_WARN_ENUM_CONVERSION = YES;
				CLANG_WARN_INFINITE_RECURSION = YES;
				CLANG_WARN_INT_CONVERSION = YES;
				CLANG_WARN_NON_LITERAL_NULL_CONVERSION = YES;
				CLANG_WARN_OBJC_IMPLICIT_RETAIN_SELF = YES;
				CLANG_WARN_OBJC_LITERAL_CONVERSION = YES;
				CLANG_WARN_OBJC_ROOT_CLASS = YES_ERROR;
				CLANG_WARN_QUOTED_INCLUDE_IN_FRAMEWORK_HEADER = YES;
				CLANG_WARN_RANGE_LOOP_ANALYSIS = YES;
				CLANG_WARN_STRICT_PROTOTYPES = YES;
				CLANG_WARN_SUSPICIOUS_MOVE = YES;
				CLANG_WARN_UNGUARDED_AVAILABILITY = YES_AGGRESSIVE;
				CLANG_WARN_UNREACHABLE_CODE = YES;
				CLANG_WARN__DUPLICATE_METHOD_MATCH = YES;
				COPY_PHASE_STRIP = NO;
				DEBUG_INFORMATION_FORMAT = dwarf;
				ENABLE_STRICT_OBJC_MSGSEND = YES;
				ENABLE_TESTABILITY = YES;
				ENABLE_USER_SCRIPT_SANDBOXING = YES;
				GCC_C_LANGUAGE_STANDARD = gnu17;
				GCC_DYNAMIC_NO_PIC = NO;
				GCC_NO_COMMON_BLOCKS = YES;
				GCC_OPTIMIZATION_LEVEL = 0;
				GCC_PREPROCESSOR_DEFINITIONS = (
					"DEBUG=1",
					"$(inherited)",
				);
				GCC_WARN_64_TO_32_BIT_CONVERSION = YES;
				GCC_WARN_ABOUT_RETURN_TYPE = YES_ERROR;
				GCC_WARN_UNDECLARED_SELECTOR = YES;
				GCC_WARN_UNINITIALIZED_AUTOS = YES_AGGRESSIVE;
				GCC_WARN_UNUSED_FUNCTION = YES;
				GCC_WARN_UNUSED_VARIABLE = YES;
				IPHONEOS_DEPLOYMENT_TARGET = 18.2;
				LOCALIZATION_PREFERS_STRING_CATALOGS = YES;
				MTL_ENABLE_DEBUG_INFO = INCLUDE_SOURCE;
				MTL_FAST_MATH = YES;
				ONLY_ACTIVE_ARCH = YES;
				SDKROOT = iphoneos;
				SWIFT_ACTIVE_COMPILATION_CONDITIONS = "DEBUG $(inherited)";
				SWIFT_OPTIMIZATION_LEVEL = "-Onone";
			};
			name = Debug;
		};
		9503FD802E4644BA007D7BF7 /* Release */ = {
			isa = XCBuildConfiguration;
			buildSettings = {
				ALWAYS_SEARCH_USER_PATHS = NO;
				ASSETCATALOG_COMPILER_GENERATE_SWIFT_ASSET_SYMBOL_EXTENSIONS = YES;
				CLANG_ANALYZER_NONNULL = YES;
				CLANG_ANALYZER_NUMBER_OBJECT_CONVERSION = YES_AGGRESSIVE;
				CLANG_CXX_LANGUAGE_STANDARD = "gnu++20";
				CLANG_ENABLE_MODULES = YES;
				CLANG_ENABLE_OBJC_ARC = YES;
				CLANG_ENABLE_OBJC_WEAK = YES;
				CLANG_WARN_BLOCK_CAPTURE_AUTORELEASING = YES;
				CLANG_WARN_BOOL_CONVERSION = YES;
				CLANG_WARN_COMMA = YES;
				CLANG_WARN_CONSTANT_CONVERSION = YES;
				CLANG_WARN_DEPRECATED_OBJC_IMPLEMENTATIONS = YES;
				CLANG_WARN_DIRECT_OBJC_ISA_USAGE = YES_ERROR;
				CLANG_WARN_DOCUMENTATION_COMMENTS = YES;
				CLANG_WARN_EMPTY_BODY = YES;
				CLANG_WARN_ENUM_CONVERSION = YES;
				CLANG_WARN_INFINITE_RECURSION = YES;
				CLANG_WARN_INT_CONVERSION = YES;
				CLANG_WARN_NON_LITERAL_NULL_CONVERSION = YES;
				CLANG_WARN_OBJC_IMPLICIT_RETAIN_SELF = YES;
				CLANG_WARN_OBJC_LITERAL_CONVERSION = YES;
				CLANG_WARN_OBJC_ROOT_CLASS = YES_ERROR;
				CLANG_WARN_QUOTED_INCLUDE_IN_FRAMEWORK_HEADER = YES;
				CLANG_WARN_RANGE_LOOP_ANALYSIS = YES;
				CLANG_WARN_STRICT_PROTOTYPES = YES;
				CLANG_WARN_SUSPICIOUS_MOVE = YES;
				CLANG_WARN_UNGUARDED_AVAILABILITY = YES_AGGRESSIVE;
				CLANG_WARN_UNREACHABLE_CODE = YES;
				CLANG_WARN__DUPLICATE_METHOD_MATCH = YES;
				COPY_PHASE_STRIP = NO;
				DEBUG_INFORMATION_FORMAT = "dwarf-with-dsym";
				ENABLE_NS_ASSERTIONS = NO;
				ENABLE_STRICT_OBJC_MSGSEND = YES;
				ENABLE_USER_SCRIPT_SANDBOXING = YES;
				GCC_C_LANGUAGE_STANDARD = gnu17;
				GCC_NO_COMMON_BLOCKS = YES;
				GCC_WARN_64_TO_32_BIT_CONVERSION = YES;
				GCC_WARN_ABOUT_RETURN_TYPE = YES_ERROR;
				GCC_WARN_UNDECLARED_SELECTOR = YES;
				GCC_WARN_UNINITIALIZED_AUTOS = YES_AGGRESSIVE;
				GCC_WARN_UNUSED_FUNCTION = YES;
				GCC_WARN_UNUSED_VARIABLE = YES;
				IPHONEOS_DEPLOYMENT_TARGET = 18.2;
				LOCALIZATION_PREFERS_STRING_CATALOGS = YES;
				MTL_ENABLE_DEBUG_INFO = NO;
				MTL_FAST_MATH = YES;
				SDKROOT = iphoneos;
				SWIFT_COMPILATION_MODE = wholemodule;
				VALIDATE_PRODUCT = YES;
			};
			name = Release;
		};
		9503FD822E4644BA007D7BF7 /* Debug */ = {
			isa = XCBuildConfiguration;
			buildSettings = {
				ASSETCATALOG_COMPILER_APPICON_NAME = AppIcon;
				ASSETCATALOG_COMPILER_GLOBAL_ACCENT_COLOR_NAME = AccentColor;
				CODE_SIGN_STYLE = Automatic;
				CURRENT_PROJECT_VERSION = 1;
				DEVELOPMENT_ASSET_PATHS = "\"worship-sampler/Preview Content\"";
				ENABLE_PREVIEWS = YES;
				GENERATE_INFOPLIST_FILE = YES;
				INFOPLIST_KEY_UIApplicationSceneManifest_Generation = YES;
				INFOPLIST_KEY_UIApplicationSupportsIndirectInputEvents = YES;
				INFOPLIST_KEY_UILaunchScreen_Generation = YES;
				INFOPLIST_KEY_UISupportedInterfaceOrientations_iPad = "UIInterfaceOrientationPortrait UIInterfaceOrientationPortraitUpsideDown UIInterfaceOrientationLandscapeLeft UIInterfaceOrientationLandscapeRight";
				INFOPLIST_KEY_UISupportedInterfaceOrientations_iPhone = "UIInterfaceOrientationPortrait UIInterfaceOrientationLandscapeLeft UIInterfaceOrientationLandscapeRight";
				LD_RUNPATH_SEARCH_PATHS = (
					"$(inherited)",
					"@executable_path/Frameworks",
				);
				MARKETING_VERSION = 1.0;
				PRODUCT_BUNDLE_IDENTIFIER = "com.skyze.worship-sampler";
				PRODUCT_NAME = "$(TARGET_NAME)";
				SWIFT_EMIT_LOC_STRINGS = YES;
				SWIFT_VERSION = 5.0;
				TARGETED_DEVICE_FAMILY = "1,2";
			};
			name = Debug;
		};
		9503FD832E4644BA007D7BF7 /* Release */ = {
			isa = XCBuildConfiguration;
			buildSettings = {
				ASSETCATALOG_COMPILER_APPICON_NAME = AppIcon;
				ASSETCATALOG_COMPILER_GLOBAL_ACCENT_COLOR_NAME = AccentColor;
				CODE_SIGN_STYLE = Automatic;
				CURRENT_PROJECT_VERSION = 1;
				DEVELOPMENT_ASSET_PATHS = "\"worship-sampler/Preview Content\"";
				ENABLE_PREVIEWS = YES;
				GENERATE_INFOPLIST_FILE = YES;
				INFOPLIST_KEY_UIApplicationSceneManifest_Generation = YES;
				INFOPLIST_KEY_UIApplicationSupportsIndirectInputEvents = YES;
				INFOPLIST_KEY_UILaunchScreen_Generation = YES;
				INFOPLIST_KEY_UISupportedInterfaceOrientations_iPad = "UIInterfaceOrientationPortrait UIInterfaceOrientationPortraitUpsideDown UIInterfaceOrientationLandscapeLeft UIInterfaceOrientationLandscapeRight";
				INFOPLIST_KEY_UISupportedInterfaceOrientations_iPhone = "UIInterfaceOrientationPortrait UIInterfaceOrientationLandscapeLeft UIInterfaceOrientationLandscapeRight";
				LD_RUNPATH_SEARCH_PATHS = (
					"$(inherited)",
					"@executable_path/Frameworks",
				);
				MARKETING_VERSION = 1.0;
				PRODUCT_BUNDLE_IDENTIFIER = "com.skyze.worship-sampler";
				PRODUCT_NAME = "$(TARGET_NAME)";
				SWIFT_EMIT_LOC_STRINGS = YES;
				SWIFT_VERSION = 5.0;
				TARGETED_DEVICE_FAMILY = "1,2";
			};
			name = Release;
		};
		9503FD852E4644BA007D7BF7 /* Debug */ = {
			isa = XCBuildConfiguration;
			buildSettings = {
				BUNDLE_LOADER = "$(TEST_HOST)";
				CODE_SIGN_STYLE = Automatic;
				CURRENT_PROJECT_VERSION = 1;
				GENERATE_INFOPLIST_FILE = YES;
				IPHONEOS_DEPLOYMENT_TARGET = 18.2;
				MARKETING_VERSION = 1.0;
				PRODUCT_BUNDLE_IDENTIFIER = "com.skyze.worship-samplerTests";
				PRODUCT_NAME = "$(TARGET_NAME)";
				SWIFT_EMIT_LOC_STRINGS = NO;
				SWIFT_VERSION = 5.0;
				TARGETED_DEVICE_FAMILY = "1,2";
				TEST_HOST = "$(BUILT_PRODUCTS_DIR)/worship-sampler.app/$(BUNDLE_EXECUTABLE_FOLDER_PATH)/worship-sampler";
			};
			name = Debug;
		};
		9503FD862E4644BA007D7BF7 /* Release */ = {
			isa = XCBuildConfiguration;
			buildSettings = {
				BUNDLE_LOADER = "$(TEST_HOST)";
				CODE_SIGN_STYLE = Automatic;
				CURRENT_PROJECT_VERSION = 1;
				GENERATE_INFOPLIST_FILE = YES;
				IPHONEOS_DEPLOYMENT_TARGET = 18.2;
				MARKETING_VERSION = 1.0;
				PRODUCT_BUNDLE_IDENTIFIER = "com.skyze.worship-samplerTests";
				PRODUCT_NAME = "$(TARGET_NAME)";
				SWIFT_EMIT_LOC_STRINGS = NO;
				SWIFT_VERSION = 5.0;
				TARGETED_DEVICE_FAMILY = "1,2";
				TEST_HOST = "$(BUILT_PRODUCTS_DIR)/worship-sampler.app/$(BUNDLE_EXECUTABLE_FOLDER_PATH)/worship-sampler";
			};
			name = Release;
		};
		9503FD882E4644BA007D7BF7 /* Debug */ = {
			isa = XCBuildConfiguration;
			buildSettings = {
				CODE_SIGN_STYLE = Automatic;
				CURRENT_PROJECT_VERSION = 1;
				GENERATE_INFOPLIST_FILE = YES;
				MARKETING_VERSION = 1.0;
				PRODUCT_BUNDLE_IDENTIFIER = "com.skyze.worship-samplerUITests";
				PRODUCT_NAME = "$(TARGET_NAME)";
				SWIFT_EMIT_LOC_STRINGS = NO;
				SWIFT_VERSION = 5.0;
				TARGETED_DEVICE_FAMILY = "1,2";
				TEST_TARGET_NAME = "worship-sampler";
			};
			name = Debug;
		};
		9503FD892E4644BA007D7BF7 /* Release */ = {
			isa = XCBuildConfiguration;
			buildSettings = {
				CODE_SIGN_STYLE = Automatic;
				CURRENT_PROJECT_VERSION = 1;
				GENERATE_INFOPLIST_FILE = YES;
				MARKETING_VERSION = 1.0;
				PRODUCT_BUNDLE_IDENTIFIER = "com.skyze.worship-samplerUITests";
				PRODUCT_NAME = "$(TARGET_NAME)";
				SWIFT_EMIT_LOC_STRINGS = NO;
				SWIFT_VERSION = 5.0;
				TARGETED_DEVICE_FAMILY = "1,2";
				TEST_TARGET_NAME = "worship-sampler";
			};
			name = Release;
		};
/* End XCBuildConfiguration section */

/* Begin XCConfigurationList section */
		9503FD582E4644B8007D7BF7 /* Build configuration list for PBXProject "worship-sampler" */ = {
			isa = XCConfigurationList;
			buildConfigurations = (
				9503FD7F2E4644BA007D7BF7 /* Debug */,
				9503FD802E4644BA007D7BF7 /* Release */,
			);
			defaultConfigurationIsVisible = 0;
			defaultConfigurationName = Release;
		};
		9503FD812E4644BA007D7BF7 /* Build configuration list for PBXNativeTarget "worship-sampler" */ = {
			isa = XCConfigurationList;
			buildConfigurations = (
				9503FD822E4644BA007D7BF7 /* Debug */,
				9503FD832E4644BA007D7BF7 /* Release */,
			);
			defaultConfigurationIsVisible = 0;
			defaultConfigurationName = Release;
		};
		9503FD842E4644BA007D7BF7 /* Build configuration list for PBXNativeTarget "worship-samplerTests" */ = {
			isa = XCConfigurationList;
			buildConfigurations = (
				9503FD852E4644BA007D7BF7 /* Debug */,
				9503FD862E4644BA007D7BF7 /* Release */,
			);
			defaultConfigurationIsVisible = 0;
			defaultConfigurationName = Release;
		};
		9503FD872E4644BA007D7BF7 /* Build configuration list for PBXNativeTarget "worship-samplerUITests" */ = {
			isa = XCConfigurationList;
			buildConfigurations = (
				9503FD882E4644BA007D7BF7 /* Debug */,
				9503FD892E4644BA007D7BF7 /* Release */,
			);
			defaultConfigurationIsVisible = 0;
			defaultConfigurationName = Release;
		};
/* End XCConfigurationList section */
	};
	rootObject = 9503FD552E4644B8007D7BF7 /* Project object */;
}
